
Microsoft Visual Studio Solution File, Format Version 12.00
# Visual Studio Version 17
VisualStudioVersion = 17.14.36301.6 d17.14
MinimumVisualStudioVersion = 10.0.40219.1
Project("{FAE04EC0-301F-11D3-BF4B-00C04F79EFBC}") = "inventory-tome.Console", "inventory-tome\inventory-tome.Console.csproj", "{099196CE-2348-489B-9EC7-FFFC618BD243}"
EndProject
Project("{FAE04EC0-301F-11D3-BF4B-00C04F79EFBC}") = "inventory-tome.Core", "inventory-tome.Core\inventory-tome.Core.csproj", "{BABC8812-BAA3-43D9-B1D4-CDC97F3C15A7}"
EndProject
Project("{FAE04EC0-301F-11D3-BF4B-00C04F79EFBC}") = "inventory-tome.Tests", "inventory-tome.Tests\inventory-tome.Tests.csproj", "{D1D82FA6-1B8A-47A0-88FC-C65104DCF8ED}"
EndProject
Global
	GlobalSection(SolutionConfigurationPlatforms) = preSolution
		Debug|Any CPU = Debug|Any CPU
		Release|Any CPU = Release|Any CPU
	EndGlobalSection
	GlobalSection(ProjectConfigurationPlatforms) = postSolution
		{099196CE-2348-489B-9EC7-FFFC618BD243}.Debug|Any CPU.ActiveCfg = Debug|Any CPU
		{099196CE-2348-489B-9EC7-FFFC618BD243}.Debug|Any CPU.Build.0 = Debug|Any CPU
		{099196CE-2348-489B-9EC7-FFFC618BD243}.Release|Any CPU.ActiveCfg = Release|Any CPU
		{099196CE-2348-489B-9EC7-FFFC618BD243}.Release|Any CPU.Build.0 = Release|Any CPU
		{BABC8812-BAA3-43D9-B1D4-CDC97F3C15A7}.Debug|Any CPU.ActiveCfg = Debug|Any CPU
		{BABC8812-BAA3-43D9-B1D4-CDC97F3C15A7}.Debug|Any CPU.Build.0 = Debug|Any CPU
		{BABC8812-BAA3-43D9-B1D4-CDC97F3C15A7}.Release|Any CPU.ActiveCfg = Release|Any CPU
		{BABC8812-BAA3-43D9-B1D4-CDC97F3C15A7}.Release|Any CPU.Build.0 = Release|Any CPU
		{D1D82FA6-1B8A-47A0-88FC-C65104DCF8ED}.Debug|Any CPU.ActiveCfg = Debug|Any CPU
		{D1D82FA6-1B8A-47A0-88FC-C65104DCF8ED}.Debug|Any CPU.Build.0 = Debug|Any CPU
		{D1D82FA6-1B8A-47A0-88FC-C65104DCF8ED}.Release|Any CPU.ActiveCfg = Release|Any CPU
		{D1D82FA6-1B8A-47A0-88FC-C65104DCF8ED}.Release|Any CPU.Build.0 = Release|Any CPU
	EndGlobalSection
	GlobalSection(SolutionProperties) = preSolution
		HideSolutionNode = FALSE
	EndGlobalSection
	GlobalSection(ExtensibilityGlobals) = postSolution
		SolutionGuid = {40767098-00EE-4637-91BD-AE54C9F06C17}
	EndGlobalSection
EndGlobal
